
Microsoft Visual Studio Solution File, Format Version 12.00
# Visual Studio Version 17
VisualStudioVersion = 17.10.35013.160
MinimumVisualStudioVersion = 10.0.40219.1
Project("{9A19103F-16F7-4668-BE54-9A1E7A4F7556}") = "GerenciadorTarefas.API", "GerenciadorTarefas.API\GerenciadorTarefas.API.csproj", "{E82FD2FB-02D5-4B27-A6BC-42F55A0E827B}"
EndProject
Global
	GlobalSection(SolutionConfigurationPlatforms) = preSolution
		Debug|Any CPU = Debug|Any CPU
		Release|Any CPU = Release|Any CPU
	EndGlobalSection
	GlobalSection(ProjectConfigurationPlatforms) = postSolution
		{E82FD2FB-02D5-4B27-A6BC-42F55A0E827B}.Debug|Any CPU.ActiveCfg = Debug|Any CPU
		{E82FD2FB-02D5-4B27-A6BC-42F55A0E827B}.Debug|Any CPU.Build.0 = Debug|Any CPU
		{E82FD2FB-02D5-4B27-A6BC-42F55A0E827B}.Release|Any CPU.ActiveCfg = Release|Any CPU
		{E82FD2FB-02D5-4B27-A6BC-42F55A0E827B}.Release|Any CPU.Build.0 = Release|Any CPU
	EndGlobalSection
	GlobalSection(SolutionProperties) = preSolution
		HideSolutionNode = FALSE
	EndGlobalSection
	GlobalSection(ExtensibilityGlobals) = postSolution
		SolutionGuid = {D07977BC-2EC0-431D-A88B-159096FEEF01}
	EndGlobalSection
EndGlobal
